// !$*UTF8*$!
{
	archiveVersion = 1;
	classes = {
	};
	objectVersion = 77;
	objects = {

/* Begin PBXContainerItemProxy section */
		652DE1642DE689AC00F08BE7 /* PBXContainerItemProxy */ = {
			isa = PBXContainerItemProxy;
			containerPortal = 652DE14E2DE689AA00F08BE7 /* Project object */;
			proxyType = 1;
			remoteGlobalIDString = 652DE1552DE689AA00F08BE7;
			remoteInfo = NapTime;
		};
		652DE16E2DE689AC00F08BE7 /* PBXContainerItemProxy */ = {
			isa = PBXContainerItemProxy;
			containerPortal = 652DE14E2DE689AA00F08BE7 /* Project object */;
			proxyType = 1;
			remoteGlobalIDString = 652DE1552DE689AA00F08BE7;
			remoteInfo = NapTime;
		};
/* End PBXContainerItemProxy section */

/* Begin PBXFileReference section */
		652DE1562DE689AA00F08BE7 /* NapTime.app */ = {isa = PBXFileReference; explicitFileType = wrapper.application; includeInIndex = 0; path = NapTime.app; sourceTree = BUILT_PRODUCTS_DIR; };
		652DE1632DE689AC00F08BE7 /* NapTimeTests.xctest */ = {isa = PBXFileReference; explicitFileType = wrapper.cfbundle; includeInIndex = 0; path = NapTimeTests.xctest; sourceTree = BUILT_PRODUCTS_DIR; };
		652DE16D2DE689AC00F08BE7 /* NapTimeUITests.xctest */ = {isa = PBXFileReference; explicitFileType = wrapper.cfbundle; includeInIndex = 0; path = NapTimeUITests.xctest; sourceTree = BUILT_PRODUCTS_DIR; };
/* End PBXFileReference section */

/* Begin PBXFileSystemSynchronizedRootGroup section */
		652DE1582DE689AA00F08BE7 /* NapTime */ = {
			isa = PBXFileSystemSynchronizedRootGroup;
			path = NapTime;
			sourceTree = "<group>";
		};
		652DE1662DE689AC00F08BE7 /* NapTimeTests */ = {
			isa = PBXFileSystemSynchronizedRootGroup;
			path = NapTimeTests;
			sourceTree = "<group>";
		};
		652DE1702DE689AC00F08BE7 /* NapTimeUITests */ = {
			isa = PBXFileSystemSynchronizedRootGroup;
			path = NapTimeUITests;
			sourceTree = "<group>";
		};
/* End PBXFileSystemSynchronizedRootGroup section */

/* Begin PBXFrameworksBuildPhase section */
		652DE1532DE689AA00F08BE7 /* Frameworks */ = {
			isa = PBXFrameworksBuildPhase;
			buildActionMask = 2147483647;
			files = (
			);
			runOnlyForDeploymentPostprocessing = 0;
		};
		652DE1602DE689AC00F08BE7 /* Frameworks */ = {
			isa = PBXFrameworksBuildPhase;
			buildActionMask = 2147483647;
			files = (
			);
			runOnlyForDeploymentPostprocessing = 0;
		};
		652DE16A2DE689AC00F08BE7 /* Frameworks */ = {
			isa = PBXFrameworksBuildPhase;
			buildActionMask = 2147483647;
			files = (
			);
			runOnlyForDeploymentPostprocessing = 0;
		};
/* End PBXFrameworksBuildPhase section */

/* Begin PBXGroup section */
		652DE14D2DE689AA00F08BE7 = {
			isa = PBXGroup;
			children = (
				652DE1582DE689AA00F08BE7 /* NapTime */,
				652DE1662DE689AC00F08BE7 /* NapTimeTests */,
				652DE1702DE689AC00F08BE7 /* NapTimeUITests */,
				652DE1572DE689AA00F08BE7 /* Products */,
			);
			sourceTree = "<group>";
		};
		652DE1572DE689AA00F08BE7 /* Products */ = {
			isa = PBXGroup;
			children = (
				652DE1562DE689AA00F08BE7 /* NapTime.app */,
				652DE1632DE689AC00F08BE7 /* NapTimeTests.xctest */,
				652DE16D2DE689AC00F08BE7 /* NapTimeUITests.xctest */,
			);
			name = Products;
			sourceTree = "<group>";
		};
/* End PBXGroup section */

/* Begin PBXNativeTarget section */
		652DE1552DE689AA00F08BE7 /* NapTime */ = {
			isa = PBXNativeTarget;
			buildConfigurationList = 652DE1772DE689AC00F08BE7 /* Build configuration list for PBXNativeTarget "NapTime" */;
			buildPhases = (
				652DE1522DE689AA00F08BE7 /* Sources */,
				652DE1532DE689AA00F08BE7 /* Frameworks */,
				652DE1542DE689AA00F08BE7 /* Resources */,
			);
			buildRules = (
			);
			dependencies = (
			);
			fileSystemSynchronizedGroups = (
				652DE1582DE689AA00F08BE7 /* NapTime */,
			);
			name = NapTime;
			packageProductDependencies = (
			);
			productName = NapTime;
			productReference = 652DE1562DE689AA00F08BE7 /* NapTime.app */;
			productType = "com.apple.product-type.application";
		};
		652DE1622DE689AC00F08BE7 /* NapTimeTests */ = {
			isa = PBXNativeTarget;
			buildConfigurationList = 652DE17A2DE689AC00F08BE7 /* Build configuration list for PBXNativeTarget "NapTimeTests" */;
			buildPhases = (
				652DE15F2DE689AC00F08BE7 /* Sources */,
				652DE1602DE689AC00F08BE7 /* Frameworks */,
				652DE1612DE689AC00F08BE7 /* Resources */,
			);
			buildRules = (
			);
			dependencies = (
				652DE1652DE689AC00F08BE7 /* PBXTargetDependency */,
			);
			fileSystemSynchronizedGroups = (
				652DE1662DE689AC00F08BE7 /* NapTimeTests */,
			);
			name = NapTimeTests;
			packageProductDependencies = (
			);
			productName = NapTimeTests;
			productReference = 652DE1632DE689AC00F08BE7 /* NapTimeTests.xctest */;
			productType = "com.apple.product-type.bundle.unit-test";
		};
		652DE16C2DE689AC00F08BE7 /* NapTimeUITests */ = {
			isa = PBXNativeTarget;
			buildConfigurationList = 652DE17D2DE689AC00F08BE7 /* Build configuration list for PBXNativeTarget "NapTimeUITests" */;
			buildPhases = (
				652DE1692DE689AC00F08BE7 /* Sources */,
				652DE16A2DE689AC00F08BE7 /* Frameworks */,
				652DE16B2DE689AC00F08BE7 /* Resources */,
			);
			buildRules = (
			);
			dependencies = (
				652DE16F2DE689AC00F08BE7 /* PBXTargetDependency */,
			);
			fileSystemSynchronizedGroups = (
				652DE1702DE689AC00F08BE7 /* NapTimeUITests */,
			);
			name = NapTimeUITests;
			packageProductDependencies = (
			);
			productName = NapTimeUITests;
			productReference = 652DE16D2DE689AC00F08BE7 /* NapTimeUITests.xctest */;
			productType = "com.apple.product-type.bundle.ui-testing";
		};
/* End PBXNativeTarget section */

/* Begin PBXProject section */
		652DE14E2DE689AA00F08BE7 /* Project object */ = {
			isa = PBXProject;
			attributes = {
				BuildIndependentTargetsInParallel = 1;
				LastSwiftUpdateCheck = 1630;
				LastUpgradeCheck = 1630;
				TargetAttributes = {
					652DE1552DE689AA00F08BE7 = {
						CreatedOnToolsVersion = 16.3;
					};
					652DE1622DE689AC00F08BE7 = {
						CreatedOnToolsVersion = 16.3;
						TestTargetID = 652DE1552DE689AA00F08BE7;
					};
					652DE16C2DE689AC00F08BE7 = {
						CreatedOnToolsVersion = 16.3;
						TestTargetID = 652DE1552DE689AA00F08BE7;
					};
				};
			};
			buildConfigurationList = 652DE1512DE689AA00F08BE7 /* Build configuration list for PBXProject "NapTime" */;
			developmentRegion = en;
			hasScannedForEncodings = 0;
			knownRegions = (
				en,
				Base,
			);
			mainGroup = 652DE14D2DE689AA00F08BE7;
			minimizedProjectReferenceProxies = 1;
			preferredProjectObjectVersion = 77;
			productRefGroup = 652DE1572DE689AA00F08BE7 /* Products */;
			projectDirPath = "";
			projectRoot = "";
			targets = (
				652DE1552DE689AA00F08BE7 /* NapTime */,
				652DE1622DE689AC00F08BE7 /* NapTimeTests */,
				652DE16C2DE689AC00F08BE7 /* NapTimeUITests */,
			);
		};
/* End PBXProject section */

/* Begin PBXResourcesBuildPhase section */
		652DE1542DE689AA00F08BE7 /* Resources */ = {
			isa = PBXResourcesBuildPhase;
			buildActionMask = 2147483647;
			files = (
			);
			runOnlyForDeploymentPostprocessing = 0;
		};
		652DE1612DE689AC00F08BE7 /* Resources */ = {
			isa = PBXResourcesBuildPhase;
			buildActionMask = 2147483647;
			files = (
			);
			runOnlyForDeploymentPostprocessing = 0;
		};
		652DE16B2DE689AC00F08BE7 /* Resources */ = {
			isa = PBXResourcesBuildPhase;
			buildActionMask = 2147483647;
			files = (
			);
			runOnlyForDeploymentPostprocessing = 0;
		};
/* End PBXResourcesBuildPhase section */

/* Begin PBXSourcesBuildPhase section */
		652DE1522DE689AA00F08BE7 /* Sources */ = {
			isa = PBXSourcesBuildPhase;
			buildActionMask = 2147483647;
			files = (
			);
			runOnlyForDeploymentPostprocessing = 0;
		};
		652DE15F2DE689AC00F08BE7 /* Sources */ = {
			isa = PBXSourcesBuildPhase;
			buildActionMask = 2147483647;
			files = (
			);
			runOnlyForDeploymentPostprocessing = 0;
		};
		652DE1692DE689AC00F08BE7 /* Sources */ = {
			isa = PBXSourcesBuildPhase;
			buildActionMask = 2147483647;
			files = (
			);
			runOnlyForDeploymentPostprocessing = 0;
		};
/* End PBXSourcesBuildPhase section */

/* Begin PBXTargetDependency section */
		652DE1652DE689AC00F08BE7 /* PBXTargetDependency */ = {
			isa = PBXTargetDependency;
			target = 652DE1552DE689AA00F08BE7 /* NapTime */;
			targetProxy = 652DE1642DE689AC00F08BE7 /* PBXContainerItemProxy */;
		};
		652DE16F2DE689AC00F08BE7 /* PBXTargetDependency */ = {
			isa = PBXTargetDependency;
			target = 652DE1552DE689AA00F08BE7 /* NapTime */;
			targetProxy = 652DE16E2DE689AC00F08BE7 /* PBXContainerItemProxy */;
		};
/* End PBXTargetDependency section */

/* Begin XCBuildConfiguration section */
		652DE1752DE689AC00F08BE7 /* Debug */ = {
			isa = XCBuildConfiguration;
			buildSettings = {
				ALWAYS_SEARCH_USER_PATHS = NO;
				ASSETCATALOG_COMPILER_GENERATE_SWIFT_ASSET_SYMBOL_EXTENSIONS = YES;
				CLANG_ANALYZER_NONNULL = YES;
				CLANG_ANALYZER_NUMBER_OBJECT_CONVERSION = YES_AGGRESSIVE;
				CLANG_CXX_LANGUAGE_STANDARD = "gnu++20";
				CLANG_ENABLE_MODULES = YES;
				CLANG_ENABLE_OBJC_ARC = YES;
				CLANG_ENABLE_OBJC_WEAK = YES;
				CLANG_WARN_BLOCK_CAPTURE_AUTORELEASING = YES;
				CLANG_WARN_BOOL_CONVERSION = YES;
				CLANG_WARN_COMMA = YES;
				CLANG_WARN_CONSTANT_CONVERSION = YES;
				CLANG_WARN_DEPRECATED_OBJC_IMPLEMENTATIONS = YES;
				CLANG_WARN_DIRECT_OBJC_ISA_USAGE = YES_ERROR;
				CLANG_WARN_DOCUMENTATION_COMMENTS = YES;
				CLANG_WARN_EMPTY_BODY = YES;
				CLANG_WARN_ENUM_CONVERSION = YES;
				CLANG_WARN_INFINITE_RECURSION = YES;
				CLANG_WARN_INT_CONVERSION = YES;
				CLANG_WARN_NON_LITERAL_NULL_CONVERSION = YES;
				CLANG_WARN_OBJC_IMPLICIT_RETAIN_SELF = YES;
				CLANG_WARN_OBJC_LITERAL_CONVERSION = YES;
				CLANG_WARN_OBJC_ROOT_CLASS = YES_ERROR;
				CLANG_WARN_QUOTED_INCLUDE_IN_FRAMEWORK_HEADER = YES;
				CLANG_WARN_RANGE_LOOP_ANALYSIS = YES;
				CLANG_WARN_STRICT_PROTOTYPES = YES;
				CLANG_WARN_SUSPICIOUS_MOVE = YES;
				CLANG_WARN_UNGUARDED_AVAILABILITY = YES_AGGRESSIVE;
				CLANG_WARN_UNREACHABLE_CODE = YES;
				CLANG_WARN__DUPLICATE_METHOD_MATCH = YES;
				COPY_PHASE_STRIP = NO;
				DEBUG_INFORMATION_FORMAT = dwarf;
				DEVELOPMENT_TEAM = YD23TDJV5N;
				ENABLE_STRICT_OBJC_MSGSEND = YES;
				ENABLE_TESTABILITY = YES;
				ENABLE_USER_SCRIPT_SANDBOXING = YES;
				GCC_C_LANGUAGE_STANDARD = gnu17;
				GCC_DYNAMIC_NO_PIC = NO;
				GCC_NO_COMMON_BLOCKS = YES;
				GCC_OPTIMIZATION_LEVEL = 0;
				GCC_PREPROCESSOR_DEFINITIONS = (
					"DEBUG=1",
					"$(inherited)",
				);
				GCC_WARN_64_TO_32_BIT_CONVERSION = YES;
				GCC_WARN_ABOUT_RETURN_TYPE = YES_ERROR;
				GCC_WARN_UNDECLARED_SELECTOR = YES;
				GCC_WARN_UNINITIALIZED_AUTOS = YES_AGGRESSIVE;
				GCC_WARN_UNUSED_FUNCTION = YES;
				GCC_WARN_UNUSED_VARIABLE = YES;
				IPHONEOS_DEPLOYMENT_TARGET = 18.4;
				LOCALIZATION_PREFERS_STRING_CATALOGS = YES;
				MTL_ENABLE_DEBUG_INFO = INCLUDE_SOURCE;
				MTL_FAST_MATH = YES;
				ONLY_ACTIVE_ARCH = YES;
				SDKROOT = iphoneos;
				SWIFT_ACTIVE_COMPILATION_CONDITIONS = "DEBUG $(inherited)";
				SWIFT_OPTIMIZATION_LEVEL = "-Onone";
			};
			name = Debug;
		};
		652DE1762DE689AC00F08BE7 /* Release */ = {
			isa = XCBuildConfiguration;
			buildSettings = {
				ALWAYS_SEARCH_USER_PATHS = NO;
				ASSETCATALOG_COMPILER_GENERATE_SWIFT_ASSET_SYMBOL_EXTENSIONS = YES;
				CLANG_ANALYZER_NONNULL = YES;
				CLANG_ANALYZER_NUMBER_OBJECT_CONVERSION = YES_AGGRESSIVE;
				CLANG_CXX_LANGUAGE_STANDARD = "gnu++20";
				CLANG_ENABLE_MODULES = YES;
				CLANG_ENABLE_OBJC_ARC = YES;
				CLANG_ENABLE_OBJC_WEAK = YES;
				CLANG_WARN_BLOCK_CAPTURE_AUTORELEASING = YES;
				CLANG_WARN_BOOL_CONVERSION = YES;
				CLANG_WARN_COMMA = YES;
				CLANG_WARN_CONSTANT_CONVERSION = YES;
				CLANG_WARN_DEPRECATED_OBJC_IMPLEMENTATIONS = YES;
				CLANG_WARN_DIRECT_OBJC_ISA_USAGE = YES_ERROR;
				CLANG_WARN_DOCUMENTATION_COMMENTS = YES;
				CLANG_WARN_EMPTY_BODY = YES;
				CLANG_WARN_ENUM_CONVERSION = YES;
				CLANG_WARN_INFINITE_RECURSION = YES;
				CLANG_WARN_INT_CONVERSION = YES;
				CLANG_WARN_NON_LITERAL_NULL_CONVERSION = YES;
				CLANG_WARN_OBJC_IMPLICIT_RETAIN_SELF = YES;
				CLANG_WARN_OBJC_LITERAL_CONVERSION = YES;
				CLANG_WARN_OBJC_ROOT_CLASS = YES_ERROR;
				CLANG_WARN_QUOTED_INCLUDE_IN_FRAMEWORK_HEADER = YES;
				CLANG_WARN_RANGE_LOOP_ANALYSIS = YES;
				CLANG_WARN_STRICT_PROTOTYPES = YES;
				CLANG_WARN_SUSPICIOUS_MOVE = YES;
				CLANG_WARN_UNGUARDED_AVAILABILITY = YES_AGGRESSIVE;
				CLANG_WARN_UNREACHABLE_CODE = YES;
				CLANG_WARN__DUPLICATE_METHOD_MATCH = YES;
				COPY_PHASE_STRIP = NO;
				DEBUG_INFORMATION_FORMAT = "dwarf-with-dsym";
				DEVELOPMENT_TEAM = YD23TDJV5N;
				ENABLE_NS_ASSERTIONS = NO;
				ENABLE_STRICT_OBJC_MSGSEND = YES;
				ENABLE_USER_SCRIPT_SANDBOXING = YES;
				GCC_C_LANGUAGE_STANDARD = gnu17;
				GCC_NO_COMMON_BLOCKS = YES;
				GCC_WARN_64_TO_32_BIT_CONVERSION = YES;
				GCC_WARN_ABOUT_RETURN_TYPE = YES_ERROR;
				GCC_WARN_UNDECLARED_SELECTOR = YES;
				GCC_WARN_UNINITIALIZED_AUTOS = YES_AGGRESSIVE;
				GCC_WARN_UNUSED_FUNCTION = YES;
				GCC_WARN_UNUSED_VARIABLE = YES;
				IPHONEOS_DEPLOYMENT_TARGET = 18.4;
				LOCALIZATION_PREFERS_STRING_CATALOGS = YES;
				MTL_ENABLE_DEBUG_INFO = NO;
				MTL_FAST_MATH = YES;
				SDKROOT = iphoneos;
				SWIFT_COMPILATION_MODE = wholemodule;
				VALIDATE_PRODUCT = YES;
			};
			name = Release;
		};
		652DE1782DE689AC00F08BE7 /* Debug */ = {
			isa = XCBuildConfiguration;
			buildSettings = {
				ASSETCATALOG_COMPILER_APPICON_NAME = AppIcon;
				ASSETCATALOG_COMPILER_GLOBAL_ACCENT_COLOR_NAME = AccentColor;
				CODE_SIGN_STYLE = Automatic;
				CURRENT_PROJECT_VERSION = 1;
				DEVELOPMENT_TEAM = YD23TDJV5N;
				ENABLE_PREVIEWS = YES;
				GENERATE_INFOPLIST_FILE = YES;
				INFOPLIST_KEY_UIApplicationSceneManifest_Generation = YES;
				INFOPLIST_KEY_UIApplicationSupportsIndirectInputEvents = YES;
				INFOPLIST_KEY_UILaunchScreen_Generation = YES;
				INFOPLIST_KEY_UISupportedInterfaceOrientations_iPad = "UIInterfaceOrientationPortrait UIInterfaceOrientationPortraitUpsideDown UIInterfaceOrientationLandscapeLeft UIInterfaceOrientationLandscapeRight";
				INFOPLIST_KEY_UISupportedInterfaceOrientations_iPhone = "UIInterfaceOrientationPortrait UIInterfaceOrientationLandscapeLeft UIInterfaceOrientationLandscapeRight";
				LD_RUNPATH_SEARCH_PATHS = (
					"$(inherited)",
					"@executable_path/Frameworks",
				);
				MARKETING_VERSION = 1.0;
				PRODUCT_BUNDLE_IDENTIFIER = tsetsefly.NapTime;
				PRODUCT_NAME = "$(TARGET_NAME)";
				SWIFT_EMIT_LOC_STRINGS = YES;
				SWIFT_VERSION = 5.0;
				TARGETED_DEVICE_FAMILY = "1,2";
			};
			name = Debug;
		};
		652DE1792DE689AC00F08BE7 /* Release */ = {
			isa = XCBuildConfiguration;
			buildSettings = {
				ASSETCATALOG_COMPILER_APPICON_NAME = AppIcon;
				ASSETCATALOG_COMPILER_GLOBAL_ACCENT_COLOR_NAME = AccentColor;
				CODE_SIGN_STYLE = Automatic;
				CURRENT_PROJECT_VERSION = 1;
				DEVELOPMENT_TEAM = YD23TDJV5N;
				ENABLE_PREVIEWS = YES;
				GENERATE_INFOPLIST_FILE = YES;
				INFOPLIST_KEY_UIApplicationSceneManifest_Generation = YES;
				INFOPLIST_KEY_UIApplicationSupportsIndirectInputEvents = YES;
				INFOPLIST_KEY_UILaunchScreen_Generation = YES;
				INFOPLIST_KEY_UISupportedInterfaceOrientations_iPad = "UIInterfaceOrientationPortrait UIInterfaceOrientationPortraitUpsideDown UIInterfaceOrientationLandscapeLeft UIInterfaceOrientationLandscapeRight";
				INFOPLIST_KEY_UISupportedInterfaceOrientations_iPhone = "UIInterfaceOrientationPortrait UIInterfaceOrientationLandscapeLeft UIInterfaceOrientationLandscapeRight";
				LD_RUNPATH_SEARCH_PATHS = (
					"$(inherited)",
					"@executable_path/Frameworks",
				);
				MARKETING_VERSION = 1.0;
				PRODUCT_BUNDLE_IDENTIFIER = tsetsefly.NapTime;
				PRODUCT_NAME = "$(TARGET_NAME)";
				SWIFT_EMIT_LOC_STRINGS = YES;
				SWIFT_VERSION = 5.0;
				TARGETED_DEVICE_FAMILY = "1,2";
			};
			name = Release;
		};
		652DE17B2DE689AC00F08BE7 /* Debug */ = {
			isa = XCBuildConfiguration;
			buildSettings = {
				BUNDLE_LOADER = "$(TEST_HOST)";
				CODE_SIGN_STYLE = Automatic;
				CURRENT_PROJECT_VERSION = 1;
				DEVELOPMENT_TEAM = YD23TDJV5N;
				GENERATE_INFOPLIST_FILE = YES;
				IPHONEOS_DEPLOYMENT_TARGET = 18.4;
				MARKETING_VERSION = 1.0;
				PRODUCT_BUNDLE_IDENTIFIER = tsetsefly.NapTimeTests;
				PRODUCT_NAME = "$(TARGET_NAME)";
				SWIFT_EMIT_LOC_STRINGS = NO;
				SWIFT_VERSION = 5.0;
				TARGETED_DEVICE_FAMILY = "1,2";
				TEST_HOST = "$(BUILT_PRODUCTS_DIR)/NapTime.app/$(BUNDLE_EXECUTABLE_FOLDER_PATH)/NapTime";
			};
			name = Debug;
		};
		652DE17C2DE689AC00F08BE7 /* Release */ = {
			isa = XCBuildConfiguration;
			buildSettings = {
				BUNDLE_LOADER = "$(TEST_HOST)";
				CODE_SIGN_STYLE = Automatic;
				CURRENT_PROJECT_VERSION = 1;
				DEVELOPMENT_TEAM = YD23TDJV5N;
				GENERATE_INFOPLIST_FILE = YES;
				IPHONEOS_DEPLOYMENT_TARGET = 18.4;
				MARKETING_VERSION = 1.0;
				PRODUCT_BUNDLE_IDENTIFIER = tsetsefly.NapTimeTests;
				PRODUCT_NAME = "$(TARGET_NAME)";
				SWIFT_EMIT_LOC_STRINGS = NO;
				SWIFT_VERSION = 5.0;
				TARGETED_DEVICE_FAMILY = "1,2";
				TEST_HOST = "$(BUILT_PRODUCTS_DIR)/NapTime.app/$(BUNDLE_EXECUTABLE_FOLDER_PATH)/NapTime";
			};
			name = Release;
		};
		652DE17E2DE689AC00F08BE7 /* Debug */ = {
			isa = XCBuildConfiguration;
			buildSettings = {
				CODE_SIGN_STYLE = Automatic;
				CURRENT_PROJECT_VERSION = 1;
				DEVELOPMENT_TEAM = YD23TDJV5N;
				GENERATE_INFOPLIST_FILE = YES;
				MARKETING_VERSION = 1.0;
				PRODUCT_BUNDLE_IDENTIFIER = tsetsefly.NapTimeUITests;
				PRODUCT_NAME = "$(TARGET_NAME)";
				SWIFT_EMIT_LOC_STRINGS = NO;
				SWIFT_VERSION = 5.0;
				TARGETED_DEVICE_FAMILY = "1,2";
				TEST_TARGET_NAME = NapTime;
			};
			name = Debug;
		};
		652DE17F2DE689AC00F08BE7 /* Release */ = {
			isa = XCBuildConfiguration;
			buildSettings = {
				CODE_SIGN_STYLE = Automatic;
				CURRENT_PROJECT_VERSION = 1;
				DEVELOPMENT_TEAM = YD23TDJV5N;
				GENERATE_INFOPLIST_FILE = YES;
				MARKETING_VERSION = 1.0;
				PRODUCT_BUNDLE_IDENTIFIER = tsetsefly.NapTimeUITests;
				PRODUCT_NAME = "$(TARGET_NAME)";
				SWIFT_EMIT_LOC_STRINGS = NO;
				SWIFT_VERSION = 5.0;
				TARGETED_DEVICE_FAMILY = "1,2";
				TEST_TARGET_NAME = NapTime;
			};
			name = Release;
		};
/* End XCBuildConfiguration section */

/* Begin XCConfigurationList section */
		652DE1512DE689AA00F08BE7 /* Build configuration list for PBXProject "NapTime" */ = {
			isa = XCConfigurationList;
			buildConfigurations = (
				652DE1752DE689AC00F08BE7 /* Debug */,
				652DE1762DE689AC00F08BE7 /* Release */,
			);
			defaultConfigurationIsVisible = 0;
			defaultConfigurationName = Release;
		};
		652DE1772DE689AC00F08BE7 /* Build configuration list for PBXNativeTarget "NapTime" */ = {
			isa = XCConfigurationList;
			buildConfigurations = (
				652DE1782DE689AC00F08BE7 /* Debug */,
				652DE1792DE689AC00F08BE7 /* Release */,
			);
			defaultConfigurationIsVisible = 0;
			defaultConfigurationName = Release;
		};
		652DE17A2DE689AC00F08BE7 /* Build configuration list for PBXNativeTarget "NapTimeTests" */ = {
			isa = XCConfigurationList;
			buildConfigurations = (
				652DE17B2DE689AC00F08BE7 /* Debug */,
				652DE17C2DE689AC00F08BE7 /* Release */,
			);
			defaultConfigurationIsVisible = 0;
			defaultConfigurationName = Release;
		};
		652DE17D2DE689AC00F08BE7 /* Build configuration list for PBXNativeTarget "NapTimeUITests" */ = {
			isa = XCConfigurationList;
			buildConfigurations = (
				652DE17E2DE689AC00F08BE7 /* Debug */,
				652DE17F2DE689AC00F08BE7 /* Release */,
			);
			defaultConfigurationIsVisible = 0;
			defaultConfigurationName = Release;
		};
/* End XCConfigurationList section */
	};
	rootObject = 652DE14E2DE689AA00F08BE7 /* Project object */;
}
